// !$*UTF8*$!
{
	archiveVersion = 1;
	classes = {
	};
	objectVersion = 55;
	objects = {

/* Begin PBXBuildFile section */
		1D2D412B4B8D14BBFAD0F2EC /* Pods_TestUnsplash.framework in Frameworks */ = {isa = PBXBuildFile; fileRef = 3D52312A9C11CB051E198C15 /* Pods_TestUnsplash.framework */; };
		9260756C28502E7B004B7371 /* Array+Extension.swift in Sources */ = {isa = PBXBuildFile; fileRef = 9260756B28502E7B004B7371 /* Array+Extension.swift */; };
		92712084284EDAF4003068B6 /* UIViewController+Extension.swift in Sources */ = {isa = PBXBuildFile; fileRef = 92712083284EDAF4003068B6 /* UIViewController+Extension.swift */; };
		9277D7482850287E0098EF70 /* AddToFavProtocol.swift in Sources */ = {isa = PBXBuildFile; fileRef = 9277D7472850287E0098EF70 /* AddToFavProtocol.swift */; };
		9289C455284F67070017A7D9 /* Favorites.xcdatamodeld in Sources */ = {isa = PBXBuildFile; fileRef = 9289C453284F67070017A7D9 /* Favorites.xcdatamodeld */; };
		9289C458284F68610017A7D9 /* StorageService.swift in Sources */ = {isa = PBXBuildFile; fileRef = 9289C457284F68610017A7D9 /* StorageService.swift */; };
		92F4B52A284DCA2700A660CE /* AppDelegate.swift in Sources */ = {isa = PBXBuildFile; fileRef = 92F4B529284DCA2700A660CE /* AppDelegate.swift */; };
		92F4B52C284DCA2700A660CE /* SceneDelegate.swift in Sources */ = {isa = PBXBuildFile; fileRef = 92F4B52B284DCA2700A660CE /* SceneDelegate.swift */; };
		92F4B536284DCA2800A660CE /* LaunchScreen.storyboard in Resources */ = {isa = PBXBuildFile; fileRef = 92F4B534284DCA2800A660CE /* LaunchScreen.storyboard */; };
		92F4B53E284DD0AA00A660CE /* FirstViewController.swift in Sources */ = {isa = PBXBuildFile; fileRef = 92F4B53D284DD0AA00A660CE /* FirstViewController.swift */; };
		92F4B540284DD0B500A660CE /* SecondViewController.swift in Sources */ = {isa = PBXBuildFile; fileRef = 92F4B53F284DD0B500A660CE /* SecondViewController.swift */; };
		92F4B545284DD1A300A660CE /* NetworkService.swift in Sources */ = {isa = PBXBuildFile; fileRef = 92F4B544284DD1A300A660CE /* NetworkService.swift */; };
		92F4B548284DD1E300A660CE /* FirstVCItem.swift in Sources */ = {isa = PBXBuildFile; fileRef = 92F4B547284DD1E300A660CE /* FirstVCItem.swift */; };
		92F4B54C284DD5CB00A660CE /* UICollectionViewCell+Extension.swift in Sources */ = {isa = PBXBuildFile; fileRef = 92F4B54B284DD5CB00A660CE /* UICollectionViewCell+Extension.swift */; };
		92F4B54F284DF56100A660CE /* AppCoordinator.swift in Sources */ = {isa = PBXBuildFile; fileRef = 92F4B54E284DF56100A660CE /* AppCoordinator.swift */; };
		92F4B551284DF57E00A660CE /* CoordinatorProtocol.swift in Sources */ = {isa = PBXBuildFile; fileRef = 92F4B550284DF57E00A660CE /* CoordinatorProtocol.swift */; };
		92F4B553284DF74B00A660CE /* FlowProtocols.swift in Sources */ = {isa = PBXBuildFile; fileRef = 92F4B552284DF74B00A660CE /* FlowProtocols.swift */; };
		92F4B557284DF84B00A660CE /* TabBarCoordinator.swift in Sources */ = {isa = PBXBuildFile; fileRef = 92F4B556284DF84B00A660CE /* TabBarCoordinator.swift */; };
		92F4B55A284DF89700A660CE /* TabBarController.swift in Sources */ = {isa = PBXBuildFile; fileRef = 92F4B559284DF89700A660CE /* TabBarController.swift */; };
		92F4B55C284DFE8A00A660CE /* SecondVCCell.swift in Sources */ = {isa = PBXBuildFile; fileRef = 92F4B55B284DFE8A00A660CE /* SecondVCCell.swift */; };
		92F4B560284DFEAC00A660CE /* UITableViewCell+Extension.swift in Sources */ = {isa = PBXBuildFile; fileRef = 92F4B55F284DFEAC00A660CE /* UITableViewCell+Extension.swift */; };
		92F4B562284DFF2A00A660CE /* FirstVCCoordinator.swift in Sources */ = {isa = PBXBuildFile; fileRef = 92F4B561284DFF2A00A660CE /* FirstVCCoordinator.swift */; };
		92F4B564284DFF3B00A660CE /* SecondVCCoordinator.swift in Sources */ = {isa = PBXBuildFile; fileRef = 92F4B563284DFF3B00A660CE /* SecondVCCoordinator.swift */; };
		92F4B568284E012600A660CE /* FirstVCToDetailCoordinator.swift in Sources */ = {isa = PBXBuildFile; fileRef = 92F4B567284E012600A660CE /* FirstVCToDetailCoordinator.swift */; };
		92F4B56B284E016A00A660CE /* DetailViewController.swift in Sources */ = {isa = PBXBuildFile; fileRef = 92F4B56A284E016A00A660CE /* DetailViewController.swift */; };
		92F4B56F284E07DE00A660CE /* PictureModel.swift in Sources */ = {isa = PBXBuildFile; fileRef = 92F4B56E284E07DE00A660CE /* PictureModel.swift */; };
/* End PBXBuildFile section */

/* Begin PBXFileReference section */
		3D52312A9C11CB051E198C15 /* Pods_TestUnsplash.framework */ = {isa = PBXFileReference; explicitFileType = wrapper.framework; includeInIndex = 0; path = Pods_TestUnsplash.framework; sourceTree = BUILT_PRODUCTS_DIR; };
		6FBEE36AA46958B69EA2F0DF /* Pods-TestUnsplash.debug.xcconfig */ = {isa = PBXFileReference; includeInIndex = 1; lastKnownFileType = text.xcconfig; name = "Pods-TestUnsplash.debug.xcconfig"; path = "Target Support Files/Pods-TestUnsplash/Pods-TestUnsplash.debug.xcconfig"; sourceTree = "<group>"; };
		9260756B28502E7B004B7371 /* Array+Extension.swift */ = {isa = PBXFileReference; lastKnownFileType = sourcecode.swift; path = "Array+Extension.swift"; sourceTree = "<group>"; };
		92712083284EDAF4003068B6 /* UIViewController+Extension.swift */ = {isa = PBXFileReference; lastKnownFileType = sourcecode.swift; path = "UIViewController+Extension.swift"; sourceTree = "<group>"; };
		9277D7472850287E0098EF70 /* AddToFavProtocol.swift */ = {isa = PBXFileReference; lastKnownFileType = sourcecode.swift; path = AddToFavProtocol.swift; sourceTree = "<group>"; };
		9289C454284F67070017A7D9 /* Favorites.xcdatamodel */ = {isa = PBXFileReference; lastKnownFileType = wrapper.xcdatamodel; path = Favorites.xcdatamodel; sourceTree = "<group>"; };
		9289C457284F68610017A7D9 /* StorageService.swift */ = {isa = PBXFileReference; lastKnownFileType = sourcecode.swift; path = StorageService.swift; sourceTree = "<group>"; };
		92F4B526284DCA2700A660CE /* TestUnsplash.app */ = {isa = PBXFileReference; explicitFileType = wrapper.application; includeInIndex = 0; path = TestUnsplash.app; sourceTree = BUILT_PRODUCTS_DIR; };
		92F4B529284DCA2700A660CE /* AppDelegate.swift */ = {isa = PBXFileReference; lastKnownFileType = sourcecode.swift; path = AppDelegate.swift; sourceTree = "<group>"; };
		92F4B52B284DCA2700A660CE /* SceneDelegate.swift */ = {isa = PBXFileReference; lastKnownFileType = sourcecode.swift; path = SceneDelegate.swift; sourceTree = "<group>"; };
		92F4B535284DCA2800A660CE /* Base */ = {isa = PBXFileReference; lastKnownFileType = file.storyboard; name = Base; path = Base.lproj/LaunchScreen.storyboard; sourceTree = "<group>"; };
		92F4B537284DCA2800A660CE /* Info.plist */ = {isa = PBXFileReference; lastKnownFileType = text.plist.xml; path = Info.plist; sourceTree = "<group>"; };
		92F4B53D284DD0AA00A660CE /* FirstViewController.swift */ = {isa = PBXFileReference; lastKnownFileType = sourcecode.swift; path = FirstViewController.swift; sourceTree = "<group>"; };
		92F4B53F284DD0B500A660CE /* SecondViewController.swift */ = {isa = PBXFileReference; lastKnownFileType = sourcecode.swift; path = SecondViewController.swift; sourceTree = "<group>"; };
		92F4B544284DD1A300A660CE /* NetworkService.swift */ = {isa = PBXFileReference; lastKnownFileType = sourcecode.swift; path = NetworkService.swift; sourceTree = "<group>"; };
		92F4B547284DD1E300A660CE /* FirstVCItem.swift */ = {isa = PBXFileReference; lastKnownFileType = sourcecode.swift; path = FirstVCItem.swift; sourceTree = "<group>"; };
		92F4B54B284DD5CB00A660CE /* UICollectionViewCell+Extension.swift */ = {isa = PBXFileReference; lastKnownFileType = sourcecode.swift; path = "UICollectionViewCell+Extension.swift"; sourceTree = "<group>"; };
		92F4B54E284DF56100A660CE /* AppCoordinator.swift */ = {isa = PBXFileReference; lastKnownFileType = sourcecode.swift; path = AppCoordinator.swift; sourceTree = "<group>"; };
		92F4B550284DF57E00A660CE /* CoordinatorProtocol.swift */ = {isa = PBXFileReference; lastKnownFileType = sourcecode.swift; path = CoordinatorProtocol.swift; sourceTree = "<group>"; };
		92F4B552284DF74B00A660CE /* FlowProtocols.swift */ = {isa = PBXFileReference; lastKnownFileType = sourcecode.swift; path = FlowProtocols.swift; sourceTree = "<group>"; };
		92F4B556284DF84B00A660CE /* TabBarCoordinator.swift */ = {isa = PBXFileReference; lastKnownFileType = sourcecode.swift; path = TabBarCoordinator.swift; sourceTree = "<group>"; };
		92F4B559284DF89700A660CE /* TabBarController.swift */ = {isa = PBXFileReference; lastKnownFileType = sourcecode.swift; path = TabBarController.swift; sourceTree = "<group>"; };
		92F4B55B284DFE8A00A660CE /* SecondVCCell.swift */ = {isa = PBXFileReference; lastKnownFileType = sourcecode.swift; path = SecondVCCell.swift; sourceTree = "<group>"; };
		92F4B55F284DFEAC00A660CE /* UITableViewCell+Extension.swift */ = {isa = PBXFileReference; lastKnownFileType = sourcecode.swift; path = "UITableViewCell+Extension.swift"; sourceTree = "<group>"; };
		92F4B561284DFF2A00A660CE /* FirstVCCoordinator.swift */ = {isa = PBXFileReference; lastKnownFileType = sourcecode.swift; path = FirstVCCoordinator.swift; sourceTree = "<group>"; };
		92F4B563284DFF3B00A660CE /* SecondVCCoordinator.swift */ = {isa = PBXFileReference; lastKnownFileType = sourcecode.swift; path = SecondVCCoordinator.swift; sourceTree = "<group>"; };
		92F4B567284E012600A660CE /* FirstVCToDetailCoordinator.swift */ = {isa = PBXFileReference; lastKnownFileType = sourcecode.swift; path = FirstVCToDetailCoordinator.swift; sourceTree = "<group>"; };
		92F4B56A284E016A00A660CE /* DetailViewController.swift */ = {isa = PBXFileReference; lastKnownFileType = sourcecode.swift; path = DetailViewController.swift; sourceTree = "<group>"; };
		92F4B56E284E07DE00A660CE /* PictureModel.swift */ = {isa = PBXFileReference; lastKnownFileType = sourcecode.swift; path = PictureModel.swift; sourceTree = "<group>"; };
		C9E90C290F60AFAEA3EC653E /* Pods-TestUnsplash.release.xcconfig */ = {isa = PBXFileReference; includeInIndex = 1; lastKnownFileType = text.xcconfig; name = "Pods-TestUnsplash.release.xcconfig"; path = "Target Support Files/Pods-TestUnsplash/Pods-TestUnsplash.release.xcconfig"; sourceTree = "<group>"; };
/* End PBXFileReference section */

/* Begin PBXFrameworksBuildPhase section */
		92F4B523284DCA2700A660CE /* Frameworks */ = {
			isa = PBXFrameworksBuildPhase;
			buildActionMask = 2147483647;
			files = (
				1D2D412B4B8D14BBFAD0F2EC /* Pods_TestUnsplash.framework in Frameworks */,
			);
			runOnlyForDeploymentPostprocessing = 0;
		};
/* End PBXFrameworksBuildPhase section */

/* Begin PBXGroup section */
		87B59E47005735CBE7821CA1 /* Frameworks */ = {
			isa = PBXGroup;
			children = (
				3D52312A9C11CB051E198C15 /* Pods_TestUnsplash.framework */,
			);
			name = Frameworks;
			sourceTree = "<group>";
		};
		9289C456284F68160017A7D9 /* CoreDataStack */ = {
			isa = PBXGroup;
			children = (
				9289C453284F67070017A7D9 /* Favorites.xcdatamodeld */,
			);
			path = CoreDataStack;
			sourceTree = "<group>";
		};
		92F4B51D284DCA2700A660CE = {
			isa = PBXGroup;
			children = (
				92F4B528284DCA2700A660CE /* TestUnsplash */,
				92F4B527284DCA2700A660CE /* Products */,
				AD14021498D576A25BDA5901 /* Pods */,
				87B59E47005735CBE7821CA1 /* Frameworks */,
			);
			sourceTree = "<group>";
		};
		92F4B527284DCA2700A660CE /* Products */ = {
			isa = PBXGroup;
			children = (
				92F4B526284DCA2700A660CE /* TestUnsplash.app */,
			);
			name = Products;
			sourceTree = "<group>";
		};
		92F4B528284DCA2700A660CE /* TestUnsplash */ = {
			isa = PBXGroup;
			children = (
				92F4B543284DD0CF00A660CE /* App */,
				9289C456284F68160017A7D9 /* CoreDataStack */,
				92F4B54D284DD5D300A660CE /* Extensions */,
				92F4B554284DF76B00A660CE /* Protocols */,
				92F4B546284DD1A800A660CE /* Services */,
				92F4B555284DF7E300A660CE /* UIFlow */,
				92F4B534284DCA2800A660CE /* LaunchScreen.storyboard */,
				92F4B537284DCA2800A660CE /* Info.plist */,
			);
			path = TestUnsplash;
			sourceTree = "<group>";
		};
		92F4B541284DD0C200A660CE /* Second View Controller */ = {
			isa = PBXGroup;
			children = (
				92F4B563284DFF3B00A660CE /* SecondVCCoordinator.swift */,
				92F4B53F284DD0B500A660CE /* SecondViewController.swift */,
				92F4B55B284DFE8A00A660CE /* SecondVCCell.swift */,
			);
			path = "Second View Controller";
			sourceTree = "<group>";
		};
		92F4B542284DD0C500A660CE /* First View Controller */ = {
			isa = PBXGroup;
			children = (
				92F4B561284DFF2A00A660CE /* FirstVCCoordinator.swift */,
				92F4B53D284DD0AA00A660CE /* FirstViewController.swift */,
				92F4B547284DD1E300A660CE /* FirstVCItem.swift */,
			);
			path = "First View Controller";
			sourceTree = "<group>";
		};
		92F4B543284DD0CF00A660CE /* App */ = {
			isa = PBXGroup;
			children = (
				92F4B529284DCA2700A660CE /* AppDelegate.swift */,
				92F4B52B284DCA2700A660CE /* SceneDelegate.swift */,
				92F4B54E284DF56100A660CE /* AppCoordinator.swift */,
			);
			path = App;
			sourceTree = "<group>";
		};
		92F4B546284DD1A800A660CE /* Services */ = {
			isa = PBXGroup;
			children = (
				92F4B544284DD1A300A660CE /* NetworkService.swift */,
				9289C457284F68610017A7D9 /* StorageService.swift */,
				92F4B56E284E07DE00A660CE /* PictureModel.swift */,
			);
			path = Services;
			sourceTree = "<group>";
		};
		92F4B54D284DD5D300A660CE /* Extensions */ = {
			isa = PBXGroup;
			children = (
				92F4B54B284DD5CB00A660CE /* UICollectionViewCell+Extension.swift */,
				92F4B55F284DFEAC00A660CE /* UITableViewCell+Extension.swift */,
				92712083284EDAF4003068B6 /* UIViewController+Extension.swift */,
				9260756B28502E7B004B7371 /* Array+Extension.swift */,
			);
			path = Extensions;
			sourceTree = "<group>";
		};
		92F4B554284DF76B00A660CE /* Protocols */ = {
			isa = PBXGroup;
			children = (
				92F4B550284DF57E00A660CE /* CoordinatorProtocol.swift */,
				9277D7472850287E0098EF70 /* AddToFavProtocol.swift */,
				92F4B552284DF74B00A660CE /* FlowProtocols.swift */,
			);
			path = Protocols;
			sourceTree = "<group>";
		};
		92F4B555284DF7E300A660CE /* UIFlow */ = {
			isa = PBXGroup;
			children = (
				92F4B558284DF85100A660CE /* Tab Bar */,
				92F4B542284DD0C500A660CE /* First View Controller */,
				92F4B541284DD0C200A660CE /* Second View Controller */,
				92F4B569284E012C00A660CE /* Detail Controller */,
			);
			path = UIFlow;
			sourceTree = "<group>";
		};
		92F4B558284DF85100A660CE /* Tab Bar */ = {
			isa = PBXGroup;
			children = (
				92F4B556284DF84B00A660CE /* TabBarCoordinator.swift */,
				92F4B559284DF89700A660CE /* TabBarController.swift */,
			);
			path = "Tab Bar";
			sourceTree = "<group>";
		};
		92F4B569284E012C00A660CE /* Detail Controller */ = {
			isa = PBXGroup;
			children = (
				92F4B567284E012600A660CE /* FirstVCToDetailCoordinator.swift */,
				92F4B56A284E016A00A660CE /* DetailViewController.swift */,
			);
			path = "Detail Controller";
			sourceTree = "<group>";
		};
		AD14021498D576A25BDA5901 /* Pods */ = {
			isa = PBXGroup;
			children = (
				6FBEE36AA46958B69EA2F0DF /* Pods-TestUnsplash.debug.xcconfig */,
				C9E90C290F60AFAEA3EC653E /* Pods-TestUnsplash.release.xcconfig */,
			);
			path = Pods;
			sourceTree = "<group>";
		};
/* End PBXGroup section */

/* Begin PBXNativeTarget section */
		92F4B525284DCA2700A660CE /* TestUnsplash */ = {
			isa = PBXNativeTarget;
			buildConfigurationList = 92F4B53A284DCA2800A660CE /* Build configuration list for PBXNativeTarget "TestUnsplash" */;
			buildPhases = (
				F716C7F12D7C3708DEA8FE99 /* [CP] Check Pods Manifest.lock */,
				92F4B522284DCA2700A660CE /* Sources */,
				92F4B523284DCA2700A660CE /* Frameworks */,
				92F4B524284DCA2700A660CE /* Resources */,
				D93A899F73057C231175A767 /* [CP] Embed Pods Frameworks */,
			);
			buildRules = (
			);
			dependencies = (
			);
			name = TestUnsplash;
			productName = TestUnsplash;
			productReference = 92F4B526284DCA2700A660CE /* TestUnsplash.app */;
			productType = "com.apple.product-type.application";
		};
/* End PBXNativeTarget section */

/* Begin PBXProject section */
		92F4B51E284DCA2700A660CE /* Project object */ = {
			isa = PBXProject;
			attributes = {
				BuildIndependentTargetsInParallel = 1;
				LastSwiftUpdateCheck = 1330;
				LastUpgradeCheck = 1330;
				TargetAttributes = {
					92F4B525284DCA2700A660CE = {
						CreatedOnToolsVersion = 13.3;
					};
				};
			};
			buildConfigurationList = 92F4B521284DCA2700A660CE /* Build configuration list for PBXProject "TestUnsplash" */;
			compatibilityVersion = "Xcode 13.0";
			developmentRegion = en;
			hasScannedForEncodings = 0;
			knownRegions = (
				en,
				Base,
			);
			mainGroup = 92F4B51D284DCA2700A660CE;
			productRefGroup = 92F4B527284DCA2700A660CE /* Products */;
			projectDirPath = "";
			projectRoot = "";
			targets = (
				92F4B525284DCA2700A660CE /* TestUnsplash */,
			);
		};
/* End PBXProject section */

/* Begin PBXResourcesBuildPhase section */
		92F4B524284DCA2700A660CE /* Resources */ = {
			isa = PBXResourcesBuildPhase;
			buildActionMask = 2147483647;
			files = (
				92F4B536284DCA2800A660CE /* LaunchScreen.storyboard in Resources */,
			);
			runOnlyForDeploymentPostprocessing = 0;
		};
/* End PBXResourcesBuildPhase section */

/* Begin PBXShellScriptBuildPhase section */
		D93A899F73057C231175A767 /* [CP] Embed Pods Frameworks */ = {
			isa = PBXShellScriptBuildPhase;
			buildActionMask = 2147483647;
			files = (
			);
			inputFileListPaths = (
				"${PODS_ROOT}/Target Support Files/Pods-TestUnsplash/Pods-TestUnsplash-frameworks-${CONFIGURATION}-input-files.xcfilelist",
			);
			name = "[CP] Embed Pods Frameworks";
			outputFileListPaths = (
				"${PODS_ROOT}/Target Support Files/Pods-TestUnsplash/Pods-TestUnsplash-frameworks-${CONFIGURATION}-output-files.xcfilelist",
			);
			runOnlyForDeploymentPostprocessing = 0;
			shellPath = /bin/sh;
			shellScript = "\"${PODS_ROOT}/Target Support Files/Pods-TestUnsplash/Pods-TestUnsplash-frameworks.sh\"\n";
			showEnvVarsInLog = 0;
		};
		F716C7F12D7C3708DEA8FE99 /* [CP] Check Pods Manifest.lock */ = {
			isa = PBXShellScriptBuildPhase;
			buildActionMask = 2147483647;
			files = (
			);
			inputFileListPaths = (
			);
			inputPaths = (
				"${PODS_PODFILE_DIR_PATH}/Podfile.lock",
				"${PODS_ROOT}/Manifest.lock",
			);
			name = "[CP] Check Pods Manifest.lock";
			outputFileListPaths = (
			);
			outputPaths = (
				"$(DERIVED_FILE_DIR)/Pods-TestUnsplash-checkManifestLockResult.txt",
			);
			runOnlyForDeploymentPostprocessing = 0;
			shellPath = /bin/sh;
			shellScript = "diff \"${PODS_PODFILE_DIR_PATH}/Podfile.lock\" \"${PODS_ROOT}/Manifest.lock\" > /dev/null\nif [ $? != 0 ] ; then\n    # print error to STDERR\n    echo \"error: The sandbox is not in sync with the Podfile.lock. Run 'pod install' or update your CocoaPods installation.\" >&2\n    exit 1\nfi\n# This output is used by Xcode 'outputs' to avoid re-running this script phase.\necho \"SUCCESS\" > \"${SCRIPT_OUTPUT_FILE_0}\"\n";
			showEnvVarsInLog = 0;
		};
/* End PBXShellScriptBuildPhase section */

/* Begin PBXSourcesBuildPhase section */
		92F4B522284DCA2700A660CE /* Sources */ = {
			isa = PBXSourcesBuildPhase;
			buildActionMask = 2147483647;
			files = (
				92F4B562284DFF2A00A660CE /* FirstVCCoordinator.swift in Sources */,
				92F4B52A284DCA2700A660CE /* AppDelegate.swift in Sources */,
				92F4B54F284DF56100A660CE /* AppCoordinator.swift in Sources */,
				9289C455284F67070017A7D9 /* Favorites.xcdatamodeld in Sources */,
				92F4B548284DD1E300A660CE /* FirstVCItem.swift in Sources */,
				92F4B52C284DCA2700A660CE /* SceneDelegate.swift in Sources */,
				92F4B564284DFF3B00A660CE /* SecondVCCoordinator.swift in Sources */,
				92F4B568284E012600A660CE /* FirstVCToDetailCoordinator.swift in Sources */,
				92F4B560284DFEAC00A660CE /* UITableViewCell+Extension.swift in Sources */,
				9277D7482850287E0098EF70 /* AddToFavProtocol.swift in Sources */,
				92F4B551284DF57E00A660CE /* CoordinatorProtocol.swift in Sources */,
				92F4B540284DD0B500A660CE /* SecondViewController.swift in Sources */,
				92F4B545284DD1A300A660CE /* NetworkService.swift in Sources */,
				92F4B557284DF84B00A660CE /* TabBarCoordinator.swift in Sources */,
				9289C458284F68610017A7D9 /* StorageService.swift in Sources */,
				9260756C28502E7B004B7371 /* Array+Extension.swift in Sources */,
				92712084284EDAF4003068B6 /* UIViewController+Extension.swift in Sources */,
				92F4B56B284E016A00A660CE /* DetailViewController.swift in Sources */,
				92F4B55C284DFE8A00A660CE /* SecondVCCell.swift in Sources */,
				92F4B56F284E07DE00A660CE /* PictureModel.swift in Sources */,
				92F4B53E284DD0AA00A660CE /* FirstViewController.swift in Sources */,
				92F4B55A284DF89700A660CE /* TabBarController.swift in Sources */,
				92F4B54C284DD5CB00A660CE /* UICollectionViewCell+Extension.swift in Sources */,
				92F4B553284DF74B00A660CE /* FlowProtocols.swift in Sources */,
			);
			runOnlyForDeploymentPostprocessing = 0;
		};
/* End PBXSourcesBuildPhase section */

/* Begin PBXVariantGroup section */
		92F4B534284DCA2800A660CE /* LaunchScreen.storyboard */ = {
			isa = PBXVariantGroup;
			children = (
				92F4B535284DCA2800A660CE /* Base */,
			);
			name = LaunchScreen.storyboard;
			sourceTree = "<group>";
		};
/* End PBXVariantGroup section */

/* Begin XCBuildConfiguration section */
		92F4B538284DCA2800A660CE /* Debug */ = {
			isa = XCBuildConfiguration;
			buildSettings = {
				ALWAYS_SEARCH_USER_PATHS = NO;
				CLANG_ANALYZER_NONNULL = YES;
				CLANG_ANALYZER_NUMBER_OBJECT_CONVERSION = YES_AGGRESSIVE;
				CLANG_CXX_LANGUAGE_STANDARD = "gnu++17";
				CLANG_ENABLE_MODULES = YES;
				CLANG_ENABLE_OBJC_ARC = YES;
				CLANG_ENABLE_OBJC_WEAK = YES;
				CLANG_WARN_BLOCK_CAPTURE_AUTORELEASING = YES;
				CLANG_WARN_BOOL_CONVERSION = YES;
				CLANG_WARN_COMMA = YES;
				CLANG_WARN_CONSTANT_CONVERSION = YES;
				CLANG_WARN_DEPRECATED_OBJC_IMPLEMENTATIONS = YES;
				CLANG_WARN_DIRECT_OBJC_ISA_USAGE = YES_ERROR;
				CLANG_WARN_DOCUMENTATION_COMMENTS = YES;
				CLANG_WARN_EMPTY_BODY = YES;
				CLANG_WARN_ENUM_CONVERSION = YES;
				CLANG_WARN_INFINITE_RECURSION = YES;
				CLANG_WARN_INT_CONVERSION = YES;
				CLANG_WARN_NON_LITERAL_NULL_CONVERSION = YES;
				CLANG_WARN_OBJC_IMPLICIT_RETAIN_SELF = YES;
				CLANG_WARN_OBJC_LITERAL_CONVERSION = YES;
				CLANG_WARN_OBJC_ROOT_CLASS = YES_ERROR;
				CLANG_WARN_QUOTED_INCLUDE_IN_FRAMEWORK_HEADER = YES;
				CLANG_WARN_RANGE_LOOP_ANALYSIS = YES;
				CLANG_WARN_STRICT_PROTOTYPES = YES;
				CLANG_WARN_SUSPICIOUS_MOVE = YES;
				CLANG_WARN_UNGUARDED_AVAILABILITY = YES_AGGRESSIVE;
				CLANG_WARN_UNREACHABLE_CODE = YES;
				CLANG_WARN__DUPLICATE_METHOD_MATCH = YES;
				COPY_PHASE_STRIP = NO;
				DEBUG_INFORMATION_FORMAT = dwarf;
				ENABLE_STRICT_OBJC_MSGSEND = YES;
				ENABLE_TESTABILITY = YES;
				GCC_C_LANGUAGE_STANDARD = gnu11;
				GCC_DYNAMIC_NO_PIC = NO;
				GCC_NO_COMMON_BLOCKS = YES;
				GCC_OPTIMIZATION_LEVEL = 0;
				GCC_PREPROCESSOR_DEFINITIONS = (
					"DEBUG=1",
					"$(inherited)",
				);
				GCC_WARN_64_TO_32_BIT_CONVERSION = YES;
				GCC_WARN_ABOUT_RETURN_TYPE = YES_ERROR;
				GCC_WARN_UNDECLARED_SELECTOR = YES;
				GCC_WARN_UNINITIALIZED_AUTOS = YES_AGGRESSIVE;
				GCC_WARN_UNUSED_FUNCTION = YES;
				GCC_WARN_UNUSED_VARIABLE = YES;
				IPHONEOS_DEPLOYMENT_TARGET = 14.0;
				MTL_ENABLE_DEBUG_INFO = INCLUDE_SOURCE;
				MTL_FAST_MATH = YES;
				ONLY_ACTIVE_ARCH = YES;
				SDKROOT = iphoneos;
				SWIFT_ACTIVE_COMPILATION_CONDITIONS = DEBUG;
				SWIFT_OPTIMIZATION_LEVEL = "-Onone";
			};
			name = Debug;
		};
		92F4B539284DCA2800A660CE /* Release */ = {
			isa = XCBuildConfiguration;
			buildSettings = {
				ALWAYS_SEARCH_USER_PATHS = NO;
				CLANG_ANALYZER_NONNULL = YES;
				CLANG_ANALYZER_NUMBER_OBJECT_CONVERSION = YES_AGGRESSIVE;
				CLANG_CXX_LANGUAGE_STANDARD = "gnu++17";
				CLANG_ENABLE_MODULES = YES;
				CLANG_ENABLE_OBJC_ARC = YES;
				CLANG_ENABLE_OBJC_WEAK = YES;
				CLANG_WARN_BLOCK_CAPTURE_AUTORELEASING = YES;
				CLANG_WARN_BOOL_CONVERSION = YES;
				CLANG_WARN_COMMA = YES;
				CLANG_WARN_CONSTANT_CONVERSION = YES;
				CLANG_WARN_DEPRECATED_OBJC_IMPLEMENTATIONS = YES;
				CLANG_WARN_DIRECT_OBJC_ISA_USAGE = YES_ERROR;
				CLANG_WARN_DOCUMENTATION_COMMENTS = YES;
				CLANG_WARN_EMPTY_BODY = YES;
				CLANG_WARN_ENUM_CONVERSION = YES;
				CLANG_WARN_INFINITE_RECURSION = YES;
				CLANG_WARN_INT_CONVERSION = YES;
				CLANG_WARN_NON_LITERAL_NULL_CONVERSION = YES;
				CLANG_WARN_OBJC_IMPLICIT_RETAIN_SELF = YES;
				CLANG_WARN_OBJC_LITERAL_CONVERSION = YES;
				CLANG_WARN_OBJC_ROOT_CLASS = YES_ERROR;
				CLANG_WARN_QUOTED_INCLUDE_IN_FRAMEWORK_HEADER = YES;
				CLANG_WARN_RANGE_LOOP_ANALYSIS = YES;
				CLANG_WARN_STRICT_PROTOTYPES = YES;
				CLANG_WARN_SUSPICIOUS_MOVE = YES;
				CLANG_WARN_UNGUARDED_AVAILABILITY = YES_AGGRESSIVE;
				CLANG_WARN_UNREACHABLE_CODE = YES;
				CLANG_WARN__DUPLICATE_METHOD_MATCH = YES;
				COPY_PHASE_STRIP = NO;
				DEBUG_INFORMATION_FORMAT = "dwarf-with-dsym";
				ENABLE_NS_ASSERTIONS = NO;
				ENABLE_STRICT_OBJC_MSGSEND = YES;
				GCC_C_LANGUAGE_STANDARD = gnu11;
				GCC_NO_COMMON_BLOCKS = YES;
				GCC_WARN_64_TO_32_BIT_CONVERSION = YES;
				GCC_WARN_ABOUT_RETURN_TYPE = YES_ERROR;
				GCC_WARN_UNDECLARED_SELECTOR = YES;
				GCC_WARN_UNINITIALIZED_AUTOS = YES_AGGRESSIVE;
				GCC_WARN_UNUSED_FUNCTION = YES;
				GCC_WARN_UNUSED_VARIABLE = YES;
				IPHONEOS_DEPLOYMENT_TARGET = 14.0;
				MTL_ENABLE_DEBUG_INFO = NO;
				MTL_FAST_MATH = YES;
				SDKROOT = iphoneos;
				SWIFT_COMPILATION_MODE = wholemodule;
				SWIFT_OPTIMIZATION_LEVEL = "-O";
				VALIDATE_PRODUCT = YES;
			};
			name = Release;
		};
		92F4B53B284DCA2800A660CE /* Debug */ = {
			isa = XCBuildConfiguration;
			baseConfigurationReference = 6FBEE36AA46958B69EA2F0DF /* Pods-TestUnsplash.debug.xcconfig */;
			buildSettings = {
				ASSETCATALOG_COMPILER_APPICON_NAME = AppIcon;
				ASSETCATALOG_COMPILER_GLOBAL_ACCENT_COLOR_NAME = AccentColor;
				CODE_SIGN_STYLE = Automatic;
				CURRENT_PROJECT_VERSION = 1;
				DEVELOPMENT_TEAM = VV3HM9845R;
				GENERATE_INFOPLIST_FILE = YES;
				INFOPLIST_FILE = TestUnsplash/Info.plist;
				INFOPLIST_KEY_UIApplicationSupportsIndirectInputEvents = YES;
				INFOPLIST_KEY_UILaunchStoryboardName = LaunchScreen;
				INFOPLIST_KEY_UISupportedInterfaceOrientations_iPad = "UIInterfaceOrientationPortrait UIInterfaceOrientationPortraitUpsideDown UIInterfaceOrientationLandscapeLeft UIInterfaceOrientationLandscapeRight";
				INFOPLIST_KEY_UISupportedInterfaceOrientations_iPhone = "UIInterfaceOrientationPortrait UIInterfaceOrientationLandscapeLeft UIInterfaceOrientationLandscapeRight";
				LD_RUNPATH_SEARCH_PATHS = (
					"$(inherited)",
					"@executable_path/Frameworks",
				);
				MARKETING_VERSION = 1.0;
				PRODUCT_BUNDLE_IDENTIFIER = Test.TestUnsplash;
				PRODUCT_NAME = "$(TARGET_NAME)";
				SWIFT_EMIT_LOC_STRINGS = YES;
				SWIFT_VERSION = 5.0;
				TARGETED_DEVICE_FAMILY = "1,2";
			};
			name = Debug;
		};
		92F4B53C284DCA2800A660CE /* Release */ = {
			isa = XCBuildConfiguration;
			baseConfigurationReference = C9E90C290F60AFAEA3EC653E /* Pods-TestUnsplash.release.xcconfig */;
			buildSettings = {
				ASSETCATALOG_COMPILER_APPICON_NAME = AppIcon;
				ASSETCATALOG_COMPILER_GLOBAL_ACCENT_COLOR_NAME = AccentColor;
				CODE_SIGN_STYLE = Automatic;
				CURRENT_PROJECT_VERSION = 1;
				DEVELOPMENT_TEAM = VV3HM9845R;
				GENERATE_INFOPLIST_FILE = YES;
				INFOPLIST_FILE = TestUnsplash/Info.plist;
				INFOPLIST_KEY_UIApplicationSupportsIndirectInputEvents = YES;
				INFOPLIST_KEY_UILaunchStoryboardName = LaunchScreen;
				INFOPLIST_KEY_UISupportedInterfaceOrientations_iPad = "UIInterfaceOrientationPortrait UIInterfaceOrientationPortraitUpsideDown UIInterfaceOrientationLandscapeLeft UIInterfaceOrientationLandscapeRight";
				INFOPLIST_KEY_UISupportedInterfaceOrientations_iPhone = "UIInterfaceOrientationPortrait UIInterfaceOrientationLandscapeLeft UIInterfaceOrientationLandscapeRight";
				LD_RUNPATH_SEARCH_PATHS = (
					"$(inherited)",
					"@executable_path/Frameworks",
				);
				MARKETING_VERSION = 1.0;
				PRODUCT_BUNDLE_IDENTIFIER = Test.TestUnsplash;
				PRODUCT_NAME = "$(TARGET_NAME)";
				SWIFT_EMIT_LOC_STRINGS = YES;
				SWIFT_VERSION = 5.0;
				TARGETED_DEVICE_FAMILY = "1,2";
			};
			name = Release;
		};
/* End XCBuildConfiguration section */

/* Begin XCConfigurationList section */
		92F4B521284DCA2700A660CE /* Build configuration list for PBXProject "TestUnsplash" */ = {
			isa = XCConfigurationList;
			buildConfigurations = (
				92F4B538284DCA2800A660CE /* Debug */,
				92F4B539284DCA2800A660CE /* Release */,
			);
			defaultConfigurationIsVisible = 0;
			defaultConfigurationName = Release;
		};
		92F4B53A284DCA2800A660CE /* Build configuration list for PBXNativeTarget "TestUnsplash" */ = {
			isa = XCConfigurationList;
			buildConfigurations = (
				92F4B53B284DCA2800A660CE /* Debug */,
				92F4B53C284DCA2800A660CE /* Release */,
			);
			defaultConfigurationIsVisible = 0;
			defaultConfigurationName = Release;
		};
/* End XCConfigurationList section */

/* Begin XCVersionGroup section */
		9289C453284F67070017A7D9 /* Favorites.xcdatamodeld */ = {
			isa = XCVersionGroup;
			children = (
				9289C454284F67070017A7D9 /* Favorites.xcdatamodel */,
			);
			currentVersion = 9289C454284F67070017A7D9 /* Favorites.xcdatamodel */;
			path = Favorites.xcdatamodeld;
			sourceTree = "<group>";
			versionGroupType = wrapper.xcdatamodel;
		};
/* End XCVersionGroup section */
	};
	rootObject = 92F4B51E284DCA2700A660CE /* Project object */;
}
